// !$*UTF8*$!
{
	archiveVersion = 1;
	classes = {
	};
	objectVersion = 55;
	objects = {

/* Begin PBXBuildFile section */
		C60F68412B425BC20079A89C /* StepEditView.swift in Sources */ = {isa = PBXBuildFile; fileRef = C60F68402B425BC20079A89C /* StepEditView.swift */; };
		C65DE2B62B025C29004DA20B /* RecipeBuilderApp.swift in Sources */ = {isa = PBXBuildFile; fileRef = C65DE2B52B025C29004DA20B /* RecipeBuilderApp.swift */; };
		C65DE2B82B025C29004DA20B /* RecipesView.swift in Sources */ = {isa = PBXBuildFile; fileRef = C65DE2B72B025C29004DA20B /* RecipesView.swift */; };
		C65DE2BA2B025C2A004DA20B /* Assets.xcassets in Resources */ = {isa = PBXBuildFile; fileRef = C65DE2B92B025C2A004DA20B /* Assets.xcassets */; };
		C65DE2BD2B025C2A004DA20B /* Preview Assets.xcassets in Resources */ = {isa = PBXBuildFile; fileRef = C65DE2BC2B025C2A004DA20B /* Preview Assets.xcassets */; };
		C65DE2C62B03C0B2004DA20B /* Recipe.swift in Sources */ = {isa = PBXBuildFile; fileRef = C65DE2C52B03C0B2004DA20B /* Recipe.swift */; };
		C65DE2CB2B04D011004DA20B /* RecipeDetailView.swift in Sources */ = {isa = PBXBuildFile; fileRef = C65DE2CA2B04D010004DA20B /* RecipeDetailView.swift */; };
		C6673C372B346AAC00239A16 /* RecipeEditView.swift in Sources */ = {isa = PBXBuildFile; fileRef = C6673C362B346AAC00239A16 /* RecipeEditView.swift */; };
		C67613D22B48A69A00C404AC /* RecipeRow.swift in Sources */ = {isa = PBXBuildFile; fileRef = C67613D12B48A69A00C404AC /* RecipeRow.swift */; };
		C67613E12B4994D300C404AC /* MockModel.swift in Sources */ = {isa = PBXBuildFile; fileRef = C67613E02B4994D300C404AC /* MockModel.swift */; };
		C6A6E87A2B3CB345005EA5C1 /* IngredientAddView.swift in Sources */ = {isa = PBXBuildFile; fileRef = C6A6E8792B3CB345005EA5C1 /* IngredientAddView.swift */; };
		C6B62B552B4E935D0033EA7E /* RecipeDetailViewModel.swift in Sources */ = {isa = PBXBuildFile; fileRef = C6B62B542B4E935D0033EA7E /* RecipeDetailViewModel.swift */; };
		C6BA3CD12B4DAB2F008F3047 /* RecipesViewModel.swift in Sources */ = {isa = PBXBuildFile; fileRef = C6BA3CD02B4DAB2F008F3047 /* RecipesViewModel.swift */; };
		C6D2C1E32B455ABD00B496FC /* InfoTextStyle.swift in Sources */ = {isa = PBXBuildFile; fileRef = C6D2C1E22B455ABC00B496FC /* InfoTextStyle.swift */; };
		C6D2C1E82B4563A200B496FC /* SectionHeadlineTextStyle.swift in Sources */ = {isa = PBXBuildFile; fileRef = C6D2C1E72B4563A200B496FC /* SectionHeadlineTextStyle.swift */; };
		C6D2C1EA2B45663D00B496FC /* UIStyle.swift in Sources */ = {isa = PBXBuildFile; fileRef = C6D2C1E92B45663D00B496FC /* UIStyle.swift */; };
		C6D2C1EC2B457ACB00B496FC /* RecipeRowHeaderTextStyle.swift in Sources */ = {isa = PBXBuildFile; fileRef = C6D2C1EB2B457ACB00B496FC /* RecipeRowHeaderTextStyle.swift */; };
		C6D2C1F02B459AF100B496FC /* RecipeDataManager.swift in Sources */ = {isa = PBXBuildFile; fileRef = C6D2C1EF2B459AF100B496FC /* RecipeDataManager.swift */; };
		C6D2C1F42B45ABBA00B496FC /* Ingredient.swift in Sources */ = {isa = PBXBuildFile; fileRef = C6D2C1F32B45ABBA00B496FC /* Ingredient.swift */; };
		C6D2C1F82B46D77500B496FC /* Model.swift in Sources */ = {isa = PBXBuildFile; fileRef = C6D2C1F72B46D77500B496FC /* Model.swift */; };
		C6D2C1FA2B47158500B496FC /* recipes.json in Resources */ = {isa = PBXBuildFile; fileRef = C6D2C1F92B47158400B496FC /* recipes.json */; };
		C6D2C1FC2B48258700B496FC /* RecipeRowInfoTextStyle.swift in Sources */ = {isa = PBXBuildFile; fileRef = C6D2C1FB2B48258700B496FC /* RecipeRowInfoTextStyle.swift */; };
		C6D2C2002B48619800B496FC /* MainView.swift in Sources */ = {isa = PBXBuildFile; fileRef = C6D2C1FF2B48619800B496FC /* MainView.swift */; };
/* End PBXBuildFile section */

/* Begin PBXFileReference section */
		C60F68402B425BC20079A89C /* StepEditView.swift */ = {isa = PBXFileReference; lastKnownFileType = sourcecode.swift; path = StepEditView.swift; sourceTree = "<group>"; };
		C65DE2B22B025C29004DA20B /* RecipeBuilder.app */ = {isa = PBXFileReference; explicitFileType = wrapper.application; includeInIndex = 0; path = RecipeBuilder.app; sourceTree = BUILT_PRODUCTS_DIR; };
		C65DE2B52B025C29004DA20B /* RecipeBuilderApp.swift */ = {isa = PBXFileReference; lastKnownFileType = sourcecode.swift; path = RecipeBuilderApp.swift; sourceTree = "<group>"; };
		C65DE2B72B025C29004DA20B /* RecipesView.swift */ = {isa = PBXFileReference; lastKnownFileType = sourcecode.swift; path = RecipesView.swift; sourceTree = "<group>"; };
		C65DE2B92B025C2A004DA20B /* Assets.xcassets */ = {isa = PBXFileReference; lastKnownFileType = folder.assetcatalog; path = Assets.xcassets; sourceTree = "<group>"; };
		C65DE2BC2B025C2A004DA20B /* Preview Assets.xcassets */ = {isa = PBXFileReference; lastKnownFileType = folder.assetcatalog; path = "Preview Assets.xcassets"; sourceTree = "<group>"; };
		C65DE2C52B03C0B2004DA20B /* Recipe.swift */ = {isa = PBXFileReference; lastKnownFileType = sourcecode.swift; path = Recipe.swift; sourceTree = "<group>"; };
		C65DE2CA2B04D010004DA20B /* RecipeDetailView.swift */ = {isa = PBXFileReference; lastKnownFileType = sourcecode.swift; path = RecipeDetailView.swift; sourceTree = "<group>"; };
		C6673C362B346AAC00239A16 /* RecipeEditView.swift */ = {isa = PBXFileReference; lastKnownFileType = sourcecode.swift; path = RecipeEditView.swift; sourceTree = "<group>"; };
		C67613D12B48A69A00C404AC /* RecipeRow.swift */ = {isa = PBXFileReference; lastKnownFileType = sourcecode.swift; path = RecipeRow.swift; sourceTree = "<group>"; };
		C67613E02B4994D300C404AC /* MockModel.swift */ = {isa = PBXFileReference; lastKnownFileType = sourcecode.swift; path = MockModel.swift; sourceTree = "<group>"; };
		C6A6E8792B3CB345005EA5C1 /* IngredientAddView.swift */ = {isa = PBXFileReference; lastKnownFileType = sourcecode.swift; path = IngredientAddView.swift; sourceTree = "<group>"; };
		C6B62B542B4E935D0033EA7E /* RecipeDetailViewModel.swift */ = {isa = PBXFileReference; lastKnownFileType = sourcecode.swift; path = RecipeDetailViewModel.swift; sourceTree = "<group>"; };
		C6BA3CD02B4DAB2F008F3047 /* RecipesViewModel.swift */ = {isa = PBXFileReference; lastKnownFileType = sourcecode.swift; path = RecipesViewModel.swift; sourceTree = "<group>"; };
		C6D2C1E22B455ABC00B496FC /* InfoTextStyle.swift */ = {isa = PBXFileReference; lastKnownFileType = sourcecode.swift; path = InfoTextStyle.swift; sourceTree = "<group>"; };
		C6D2C1E72B4563A200B496FC /* SectionHeadlineTextStyle.swift */ = {isa = PBXFileReference; lastKnownFileType = sourcecode.swift; path = SectionHeadlineTextStyle.swift; sourceTree = "<group>"; };
		C6D2C1E92B45663D00B496FC /* UIStyle.swift */ = {isa = PBXFileReference; lastKnownFileType = sourcecode.swift; path = UIStyle.swift; sourceTree = "<group>"; };
		C6D2C1EB2B457ACB00B496FC /* RecipeRowHeaderTextStyle.swift */ = {isa = PBXFileReference; lastKnownFileType = sourcecode.swift; path = RecipeRowHeaderTextStyle.swift; sourceTree = "<group>"; };
		C6D2C1EF2B459AF100B496FC /* RecipeDataManager.swift */ = {isa = PBXFileReference; lastKnownFileType = sourcecode.swift; path = RecipeDataManager.swift; sourceTree = "<group>"; };
		C6D2C1F32B45ABBA00B496FC /* Ingredient.swift */ = {isa = PBXFileReference; lastKnownFileType = sourcecode.swift; path = Ingredient.swift; sourceTree = "<group>"; };
		C6D2C1F72B46D77500B496FC /* Model.swift */ = {isa = PBXFileReference; lastKnownFileType = sourcecode.swift; path = Model.swift; sourceTree = "<group>"; };
		C6D2C1F92B47158400B496FC /* recipes.json */ = {isa = PBXFileReference; fileEncoding = 4; lastKnownFileType = text.json; path = recipes.json; sourceTree = "<group>"; };
		C6D2C1FB2B48258700B496FC /* RecipeRowInfoTextStyle.swift */ = {isa = PBXFileReference; lastKnownFileType = sourcecode.swift; path = RecipeRowInfoTextStyle.swift; sourceTree = "<group>"; };
		C6D2C1FF2B48619800B496FC /* MainView.swift */ = {isa = PBXFileReference; lastKnownFileType = sourcecode.swift; path = MainView.swift; sourceTree = "<group>"; };
/* End PBXFileReference section */

/* Begin PBXFrameworksBuildPhase section */
		C65DE2AF2B025C29004DA20B /* Frameworks */ = {
			isa = PBXFrameworksBuildPhase;
			buildActionMask = 2147483647;
			files = (
			);
			runOnlyForDeploymentPostprocessing = 0;
		};
/* End PBXFrameworksBuildPhase section */

/* Begin PBXGroup section */
		C65DE2A92B025C29004DA20B = {
			isa = PBXGroup;
			children = (
				C65DE2C72B03C479004DA20B /* Model */,
				C65DE2B42B025C29004DA20B /* RecipeBuilder */,
				C65DE2B32B025C29004DA20B /* Products */,
			);
			sourceTree = "<group>";
		};
		C65DE2B32B025C29004DA20B /* Products */ = {
			isa = PBXGroup;
			children = (
				C65DE2B22B025C29004DA20B /* RecipeBuilder.app */,
			);
			name = Products;
			sourceTree = "<group>";
		};
		C65DE2B42B025C29004DA20B /* RecipeBuilder */ = {
			isa = PBXGroup;
			children = (
				C6D2C1DE2B45592600B496FC /* ViewModifiers */,
				C6D2C2022B48A46800B496FC /* Recipe Subsystem */,
				C6D2C2012B48A43000B496FC /* Main View */,
				C65DE2B52B025C29004DA20B /* RecipeBuilderApp.swift */,
				C65DE2B92B025C2A004DA20B /* Assets.xcassets */,
				C65DE2BB2B025C2A004DA20B /* Preview Content */,
			);
			path = RecipeBuilder;
			sourceTree = "<group>";
		};
		C65DE2BB2B025C2A004DA20B /* Preview Content */ = {
			isa = PBXGroup;
			children = (
				C65DE2BC2B025C2A004DA20B /* Preview Assets.xcassets */,
			);
			path = "Preview Content";
			sourceTree = "<group>";
		};
		C65DE2C72B03C479004DA20B /* Model */ = {
			isa = PBXGroup;
			children = (
				C67613D32B48AD2500C404AC /* Model Objects */,
				C6D2C1F92B47158400B496FC /* recipes.json */,
				C6D2C1EF2B459AF100B496FC /* RecipeDataManager.swift */,
				C6D2C1F72B46D77500B496FC /* Model.swift */,
				C67613E02B4994D300C404AC /* MockModel.swift */,
			);
			path = Model;
			sourceTree = "<group>";
		};
		C67613D32B48AD2500C404AC /* Model Objects */ = {
			isa = PBXGroup;
			children = (
				C65DE2C52B03C0B2004DA20B /* Recipe.swift */,
				C6D2C1F32B45ABBA00B496FC /* Ingredient.swift */,
			);
			path = "Model Objects";
			sourceTree = "<group>";
		};
		C6B62B562B4EAA9A0033EA7E /* ViewModel */ = {
			isa = PBXGroup;
			children = (
				C6BA3CD02B4DAB2F008F3047 /* RecipesViewModel.swift */,
			);
			path = ViewModel;
			sourceTree = "<group>";
		};
		C6B62B572B4EAAC30033EA7E /* ViewModel */ = {
			isa = PBXGroup;
			children = (
				C6B62B542B4E935D0033EA7E /* RecipeDetailViewModel.swift */,
			);
			path = ViewModel;
			sourceTree = "<group>";
		};
		C6D2C1DE2B45592600B496FC /* ViewModifiers */ = {
			isa = PBXGroup;
			children = (
				C6D2C1DF2B455A3A00B496FC /* Text */,
				C6D2C1E92B45663D00B496FC /* UIStyle.swift */,
			);
			path = ViewModifiers;
			sourceTree = "<group>";
		};
		C6D2C1DF2B455A3A00B496FC /* Text */ = {
			isa = PBXGroup;
			children = (
				C6D2C1E22B455ABC00B496FC /* InfoTextStyle.swift */,
				C6D2C1E72B4563A200B496FC /* SectionHeadlineTextStyle.swift */,
				C6D2C1EB2B457ACB00B496FC /* RecipeRowHeaderTextStyle.swift */,
				C6D2C1FB2B48258700B496FC /* RecipeRowInfoTextStyle.swift */,
			);
			path = Text;
			sourceTree = "<group>";
		};
		C6D2C2012B48A43000B496FC /* Main View */ = {
			isa = PBXGroup;
			children = (
				C6D2C1FF2B48619800B496FC /* MainView.swift */,
			);
			path = "Main View";
			sourceTree = "<group>";
		};
		C6D2C2022B48A46800B496FC /* Recipe Subsystem */ = {
			isa = PBXGroup;
			children = (
				C6D2C2042B48A4E900B496FC /* Recipe Edit */,
				C6D2C2032B48A4D900B496FC /* Recipe Details */,
				C6B62B562B4EAA9A0033EA7E /* ViewModel */,
				C65DE2B72B025C29004DA20B /* RecipesView.swift */,
				C67613D12B48A69A00C404AC /* RecipeRow.swift */,
			);
			path = "Recipe Subsystem";
			sourceTree = "<group>";
		};
		C6D2C2032B48A4D900B496FC /* Recipe Details */ = {
			isa = PBXGroup;
			children = (
				C6B62B572B4EAAC30033EA7E /* ViewModel */,
				C65DE2CA2B04D010004DA20B /* RecipeDetailView.swift */,
			);
			path = "Recipe Details";
			sourceTree = "<group>";
		};
		C6D2C2042B48A4E900B496FC /* Recipe Edit */ = {
			isa = PBXGroup;
			children = (
				C6673C362B346AAC00239A16 /* RecipeEditView.swift */,
				C60F68402B425BC20079A89C /* StepEditView.swift */,
				C6A6E8792B3CB345005EA5C1 /* IngredientAddView.swift */,
			);
			path = "Recipe Edit";
			sourceTree = "<group>";
		};
/* End PBXGroup section */

/* Begin PBXNativeTarget section */
		C65DE2B12B025C29004DA20B /* RecipeBuilder */ = {
			isa = PBXNativeTarget;
			buildConfigurationList = C65DE2C02B025C2A004DA20B /* Build configuration list for PBXNativeTarget "RecipeBuilder" */;
			buildPhases = (
				C65DE2AE2B025C29004DA20B /* Sources */,
				C65DE2AF2B025C29004DA20B /* Frameworks */,
				C65DE2B02B025C29004DA20B /* Resources */,
			);
			buildRules = (
			);
			dependencies = (
			);
			name = RecipeBuilder;
			productName = RecipeBuilder;
			productReference = C65DE2B22B025C29004DA20B /* RecipeBuilder.app */;
			productType = "com.apple.product-type.application";
		};
/* End PBXNativeTarget section */

/* Begin PBXProject section */
		C65DE2AA2B025C29004DA20B /* Project object */ = {
			isa = PBXProject;
			attributes = {
				BuildIndependentTargetsInParallel = 1;
				LastSwiftUpdateCheck = 1310;
				LastUpgradeCheck = 1310;
				TargetAttributes = {
					C65DE2B12B025C29004DA20B = {
						CreatedOnToolsVersion = 13.1;
					};
				};
			};
			buildConfigurationList = C65DE2AD2B025C29004DA20B /* Build configuration list for PBXProject "RecipeBuilder" */;
			compatibilityVersion = "Xcode 13.0";
			developmentRegion = en;
			hasScannedForEncodings = 0;
			knownRegions = (
				en,
				Base,
			);
			mainGroup = C65DE2A92B025C29004DA20B;
			productRefGroup = C65DE2B32B025C29004DA20B /* Products */;
			projectDirPath = "";
			projectRoot = "";
			targets = (
				C65DE2B12B025C29004DA20B /* RecipeBuilder */,
			);
		};
/* End PBXProject section */

/* Begin PBXResourcesBuildPhase section */
		C65DE2B02B025C29004DA20B /* Resources */ = {
			isa = PBXResourcesBuildPhase;
			buildActionMask = 2147483647;
			files = (
				C65DE2BD2B025C2A004DA20B /* Preview Assets.xcassets in Resources */,
				C65DE2BA2B025C2A004DA20B /* Assets.xcassets in Resources */,
				C6D2C1FA2B47158500B496FC /* recipes.json in Resources */,
			);
			runOnlyForDeploymentPostprocessing = 0;
		};
/* End PBXResourcesBuildPhase section */

/* Begin PBXSourcesBuildPhase section */
		C65DE2AE2B025C29004DA20B /* Sources */ = {
			isa = PBXSourcesBuildPhase;
			buildActionMask = 2147483647;
			files = (
				C65DE2B82B025C29004DA20B /* RecipesView.swift in Sources */,
				C6D2C1F02B459AF100B496FC /* RecipeDataManager.swift in Sources */,
				C6D2C1F42B45ABBA00B496FC /* Ingredient.swift in Sources */,
				C6D2C1E82B4563A200B496FC /* SectionHeadlineTextStyle.swift in Sources */,
				C65DE2CB2B04D011004DA20B /* RecipeDetailView.swift in Sources */,
				C6A6E87A2B3CB345005EA5C1 /* IngredientAddView.swift in Sources */,
				C6BA3CD12B4DAB2F008F3047 /* RecipesViewModel.swift in Sources */,
				C67613E12B4994D300C404AC /* MockModel.swift in Sources */,
				C65DE2B62B025C29004DA20B /* RecipeBuilderApp.swift in Sources */,
				C6D2C1F82B46D77500B496FC /* Model.swift in Sources */,
				C6D2C1EA2B45663D00B496FC /* UIStyle.swift in Sources */,
				C6D2C1FC2B48258700B496FC /* RecipeRowInfoTextStyle.swift in Sources */,
				C6D2C1EC2B457ACB00B496FC /* RecipeRowHeaderTextStyle.swift in Sources */,
				C6B62B552B4E935D0033EA7E /* RecipeDetailViewModel.swift in Sources */,
				C6D2C2002B48619800B496FC /* MainView.swift in Sources */,
				C6D2C1E32B455ABD00B496FC /* InfoTextStyle.swift in Sources */,
				C65DE2C62B03C0B2004DA20B /* Recipe.swift in Sources */,
				C67613D22B48A69A00C404AC /* RecipeRow.swift in Sources */,
				C60F68412B425BC20079A89C /* StepEditView.swift in Sources */,
				C6673C372B346AAC00239A16 /* RecipeEditView.swift in Sources */,
			);
			runOnlyForDeploymentPostprocessing = 0;
		};
/* End PBXSourcesBuildPhase section */

/* Begin XCBuildConfiguration section */
		C65DE2BE2B025C2A004DA20B /* Debug */ = {
			isa = XCBuildConfiguration;
			buildSettings = {
				ALWAYS_SEARCH_USER_PATHS = NO;
				CLANG_ANALYZER_NONNULL = YES;
				CLANG_ANALYZER_NUMBER_OBJECT_CONVERSION = YES_AGGRESSIVE;
				CLANG_CXX_LANGUAGE_STANDARD = "gnu++17";
				CLANG_CXX_LIBRARY = "libc++";
				CLANG_ENABLE_MODULES = YES;
				CLANG_ENABLE_OBJC_ARC = YES;
				CLANG_ENABLE_OBJC_WEAK = YES;
				CLANG_WARN_BLOCK_CAPTURE_AUTORELEASING = YES;
				CLANG_WARN_BOOL_CONVERSION = YES;
				CLANG_WARN_COMMA = YES;
				CLANG_WARN_CONSTANT_CONVERSION = YES;
				CLANG_WARN_DEPRECATED_OBJC_IMPLEMENTATIONS = YES;
				CLANG_WARN_DIRECT_OBJC_ISA_USAGE = YES_ERROR;
				CLANG_WARN_DOCUMENTATION_COMMENTS = YES;
				CLANG_WARN_EMPTY_BODY = YES;
				CLANG_WARN_ENUM_CONVERSION = YES;
				CLANG_WARN_INFINITE_RECURSION = YES;
				CLANG_WARN_INT_CONVERSION = YES;
				CLANG_WARN_NON_LITERAL_NULL_CONVERSION = YES;
				CLANG_WARN_OBJC_IMPLICIT_RETAIN_SELF = YES;
				CLANG_WARN_OBJC_LITERAL_CONVERSION = YES;
				CLANG_WARN_OBJC_ROOT_CLASS = YES_ERROR;
				CLANG_WARN_QUOTED_INCLUDE_IN_FRAMEWORK_HEADER = YES;
				CLANG_WARN_RANGE_LOOP_ANALYSIS = YES;
				CLANG_WARN_STRICT_PROTOTYPES = YES;
				CLANG_WARN_SUSPICIOUS_MOVE = YES;
				CLANG_WARN_UNGUARDED_AVAILABILITY = YES_AGGRESSIVE;
				CLANG_WARN_UNREACHABLE_CODE = YES;
				CLANG_WARN__DUPLICATE_METHOD_MATCH = YES;
				COPY_PHASE_STRIP = NO;
				DEBUG_INFORMATION_FORMAT = dwarf;
				ENABLE_STRICT_OBJC_MSGSEND = YES;
				ENABLE_TESTABILITY = YES;
				GCC_C_LANGUAGE_STANDARD = gnu11;
				GCC_DYNAMIC_NO_PIC = NO;
				GCC_NO_COMMON_BLOCKS = YES;
				GCC_OPTIMIZATION_LEVEL = 0;
				GCC_PREPROCESSOR_DEFINITIONS = (
					"DEBUG=1",
					"$(inherited)",
				);
				GCC_WARN_64_TO_32_BIT_CONVERSION = YES;
				GCC_WARN_ABOUT_RETURN_TYPE = YES_ERROR;
				GCC_WARN_UNDECLARED_SELECTOR = YES;
				GCC_WARN_UNINITIALIZED_AUTOS = YES_AGGRESSIVE;
				GCC_WARN_UNUSED_FUNCTION = YES;
				GCC_WARN_UNUSED_VARIABLE = YES;
				IPHONEOS_DEPLOYMENT_TARGET = 15.0;
				MTL_ENABLE_DEBUG_INFO = INCLUDE_SOURCE;
				MTL_FAST_MATH = YES;
				ONLY_ACTIVE_ARCH = YES;
				SDKROOT = iphoneos;
				SWIFT_ACTIVE_COMPILATION_CONDITIONS = DEBUG;
				SWIFT_OPTIMIZATION_LEVEL = "-Onone";
			};
			name = Debug;
		};
		C65DE2BF2B025C2A004DA20B /* Release */ = {
			isa = XCBuildConfiguration;
			buildSettings = {
				ALWAYS_SEARCH_USER_PATHS = NO;
				CLANG_ANALYZER_NONNULL = YES;
				CLANG_ANALYZER_NUMBER_OBJECT_CONVERSION = YES_AGGRESSIVE;
				CLANG_CXX_LANGUAGE_STANDARD = "gnu++17";
				CLANG_CXX_LIBRARY = "libc++";
				CLANG_ENABLE_MODULES = YES;
				CLANG_ENABLE_OBJC_ARC = YES;
				CLANG_ENABLE_OBJC_WEAK = YES;
				CLANG_WARN_BLOCK_CAPTURE_AUTORELEASING = YES;
				CLANG_WARN_BOOL_CONVERSION = YES;
				CLANG_WARN_COMMA = YES;
				CLANG_WARN_CONSTANT_CONVERSION = YES;
				CLANG_WARN_DEPRECATED_OBJC_IMPLEMENTATIONS = YES;
				CLANG_WARN_DIRECT_OBJC_ISA_USAGE = YES_ERROR;
				CLANG_WARN_DOCUMENTATION_COMMENTS = YES;
				CLANG_WARN_EMPTY_BODY = YES;
				CLANG_WARN_ENUM_CONVERSION = YES;
				CLANG_WARN_INFINITE_RECURSION = YES;
				CLANG_WARN_INT_CONVERSION = YES;
				CLANG_WARN_NON_LITERAL_NULL_CONVERSION = YES;
				CLANG_WARN_OBJC_IMPLICIT_RETAIN_SELF = YES;
				CLANG_WARN_OBJC_LITERAL_CONVERSION = YES;
				CLANG_WARN_OBJC_ROOT_CLASS = YES_ERROR;
				CLANG_WARN_QUOTED_INCLUDE_IN_FRAMEWORK_HEADER = YES;
				CLANG_WARN_RANGE_LOOP_ANALYSIS = YES;
				CLANG_WARN_STRICT_PROTOTYPES = YES;
				CLANG_WARN_SUSPICIOUS_MOVE = YES;
				CLANG_WARN_UNGUARDED_AVAILABILITY = YES_AGGRESSIVE;
				CLANG_WARN_UNREACHABLE_CODE = YES;
				CLANG_WARN__DUPLICATE_METHOD_MATCH = YES;
				COPY_PHASE_STRIP = NO;
				DEBUG_INFORMATION_FORMAT = "dwarf-with-dsym";
				ENABLE_NS_ASSERTIONS = NO;
				ENABLE_STRICT_OBJC_MSGSEND = YES;
				GCC_C_LANGUAGE_STANDARD = gnu11;
				GCC_NO_COMMON_BLOCKS = YES;
				GCC_WARN_64_TO_32_BIT_CONVERSION = YES;
				GCC_WARN_ABOUT_RETURN_TYPE = YES_ERROR;
				GCC_WARN_UNDECLARED_SELECTOR = YES;
				GCC_WARN_UNINITIALIZED_AUTOS = YES_AGGRESSIVE;
				GCC_WARN_UNUSED_FUNCTION = YES;
				GCC_WARN_UNUSED_VARIABLE = YES;
				IPHONEOS_DEPLOYMENT_TARGET = 15.0;
				MTL_ENABLE_DEBUG_INFO = NO;
				MTL_FAST_MATH = YES;
				SDKROOT = iphoneos;
				SWIFT_COMPILATION_MODE = wholemodule;
				SWIFT_OPTIMIZATION_LEVEL = "-O";
				VALIDATE_PRODUCT = YES;
			};
			name = Release;
		};
		C65DE2C12B025C2A004DA20B /* Debug */ = {
			isa = XCBuildConfiguration;
			buildSettings = {
				ASSETCATALOG_COMPILER_APPICON_NAME = AppIcon;
				ASSETCATALOG_COMPILER_GLOBAL_ACCENT_COLOR_NAME = AccentColor;
				CODE_SIGN_STYLE = Automatic;
				CURRENT_PROJECT_VERSION = 1;
				DEVELOPMENT_ASSET_PATHS = "\"RecipeBuilder/Preview Content\"";
				DEVELOPMENT_TEAM = T9VWUHC667;
				ENABLE_PREVIEWS = YES;
				GENERATE_INFOPLIST_FILE = YES;
				INFOPLIST_KEY_UIApplicationSceneManifest_Generation = YES;
				INFOPLIST_KEY_UIApplicationSupportsIndirectInputEvents = YES;
				INFOPLIST_KEY_UILaunchScreen_Generation = YES;
				INFOPLIST_KEY_UISupportedInterfaceOrientations_iPad = "UIInterfaceOrientationPortrait UIInterfaceOrientationPortraitUpsideDown UIInterfaceOrientationLandscapeLeft UIInterfaceOrientationLandscapeRight";
				INFOPLIST_KEY_UISupportedInterfaceOrientations_iPhone = "UIInterfaceOrientationPortrait UIInterfaceOrientationLandscapeLeft UIInterfaceOrientationLandscapeRight";
				IPHONEOS_DEPLOYMENT_TARGET = 16.0;
				LD_RUNPATH_SEARCH_PATHS = (
					"$(inherited)",
					"@executable_path/Frameworks",
				);
				MARKETING_VERSION = 1.0;
				PRODUCT_BUNDLE_IDENTIFIER = com.knachev.RecipeBuilder;
				PRODUCT_NAME = "$(TARGET_NAME)";
				SWIFT_EMIT_LOC_STRINGS = YES;
				SWIFT_VERSION = 5.0;
				TARGETED_DEVICE_FAMILY = "1,2";
			};
			name = Debug;
		};
		C65DE2C22B025C2A004DA20B /* Release */ = {
			isa = XCBuildConfiguration;
			buildSettings = {
				ASSETCATALOG_COMPILER_APPICON_NAME = AppIcon;
				ASSETCATALOG_COMPILER_GLOBAL_ACCENT_COLOR_NAME = AccentColor;
				CODE_SIGN_STYLE = Automatic;
				CURRENT_PROJECT_VERSION = 1;
				DEVELOPMENT_ASSET_PATHS = "\"RecipeBuilder/Preview Content\"";
				DEVELOPMENT_TEAM = T9VWUHC667;
				ENABLE_PREVIEWS = YES;
				GENERATE_INFOPLIST_FILE = YES;
				INFOPLIST_KEY_UIApplicationSceneManifest_Generation = YES;
				INFOPLIST_KEY_UIApplicationSupportsIndirectInputEvents = YES;
				INFOPLIST_KEY_UILaunchScreen_Generation = YES;
				INFOPLIST_KEY_UISupportedInterfaceOrientations_iPad = "UIInterfaceOrientationPortrait UIInterfaceOrientationPortraitUpsideDown UIInterfaceOrientationLandscapeLeft UIInterfaceOrientationLandscapeRight";
				INFOPLIST_KEY_UISupportedInterfaceOrientations_iPhone = "UIInterfaceOrientationPortrait UIInterfaceOrientationLandscapeLeft UIInterfaceOrientationLandscapeRight";
				IPHONEOS_DEPLOYMENT_TARGET = 16.0;
				LD_RUNPATH_SEARCH_PATHS = (
					"$(inherited)",
					"@executable_path/Frameworks",
				);
				MARKETING_VERSION = 1.0;
				PRODUCT_BUNDLE_IDENTIFIER = com.knachev.RecipeBuilder;
				PRODUCT_NAME = "$(TARGET_NAME)";
				SWIFT_EMIT_LOC_STRINGS = YES;
				SWIFT_VERSION = 5.0;
				TARGETED_DEVICE_FAMILY = "1,2";
			};
			name = Release;
		};
/* End XCBuildConfiguration section */

/* Begin XCConfigurationList section */
		C65DE2AD2B025C29004DA20B /* Build configuration list for PBXProject "RecipeBuilder" */ = {
			isa = XCConfigurationList;
			buildConfigurations = (
				C65DE2BE2B025C2A004DA20B /* Debug */,
				C65DE2BF2B025C2A004DA20B /* Release */,
			);
			defaultConfigurationIsVisible = 0;
			defaultConfigurationName = Release;
		};
		C65DE2C02B025C2A004DA20B /* Build configuration list for PBXNativeTarget "RecipeBuilder" */ = {
			isa = XCConfigurationList;
			buildConfigurations = (
				C65DE2C12B025C2A004DA20B /* Debug */,
				C65DE2C22B025C2A004DA20B /* Release */,
			);
			defaultConfigurationIsVisible = 0;
			defaultConfigurationName = Release;
		};
/* End XCConfigurationList section */
	};
	rootObject = C65DE2AA2B025C29004DA20B /* Project object */;
}
